
Microsoft Visual Studio Solution File, Format Version 12.00
# Visual Studio Version 16
VisualStudioVersion = 16.0.30503.244
MinimumVisualStudioVersion = 10.0.40219.1
Project("{FAE04EC0-301F-11D3-BF4B-00C04F79EFBC}") = "Gestao-de-normas", "Gestao-de-normas\Gestao-de-normas.csproj", "{4D6AFC69-83ED-4689-ADAD-18DCD804EA20}"
EndProject
Global
	GlobalSection(SolutionConfigurationPlatforms) = preSolution
		Debug|Any CPU = Debug|Any CPU
		Release|Any CPU = Release|Any CPU
	EndGlobalSection
	GlobalSection(ProjectConfigurationPlatforms) = postSolution
		{4D6AFC69-83ED-4689-ADAD-18DCD804EA20}.Debug|Any CPU.ActiveCfg = Debug|Any CPU
		{4D6AFC69-83ED-4689-ADAD-18DCD804EA20}.Debug|Any CPU.Build.0 = Debug|Any CPU
		{4D6AFC69-83ED-4689-ADAD-18DCD804EA20}.Release|Any CPU.ActiveCfg = Release|Any CPU
		{4D6AFC69-83ED-4689-ADAD-18DCD804EA20}.Release|Any CPU.Build.0 = Release|Any CPU
	EndGlobalSection
	GlobalSection(SolutionProperties) = preSolution
		HideSolutionNode = FALSE
	EndGlobalSection
	GlobalSection(ExtensibilityGlobals) = postSolution
		SolutionGuid = {297882B6-F93C-4C10-A465-B5C07EF438CA}
	EndGlobalSection
EndGlobal
